
Microsoft Visual Studio Solution File, Format Version 12.00
# Visual Studio Version 17
VisualStudioVersion = 17.14.36015.10 d17.14
MinimumVisualStudioVersion = 10.0.40219.1
Project("{FAE04EC0-301F-11D3-BF4B-00C04F79EFBC}") = "BulkHealthCheck", "BulkHealthCheck\BulkHealthCheck.csproj", "{364629F1-2499-43CC-87A4-2C7494BA458C}"
EndProject
Global
	GlobalSection(SolutionConfigurationPlatforms) = preSolution
		Debug|Any CPU = Debug|Any CPU
		Release|Any CPU = Release|Any CPU
	EndGlobalSection
	GlobalSection(ProjectConfigurationPlatforms) = postSolution
		{364629F1-2499-43CC-87A4-2C7494BA458C}.Debug|Any CPU.ActiveCfg = Debug|Any CPU
		{364629F1-2499-43CC-87A4-2C7494BA458C}.Debug|Any CPU.Build.0 = Debug|Any CPU
		{364629F1-2499-43CC-87A4-2C7494BA458C}.Release|Any CPU.ActiveCfg = Release|Any CPU
		{364629F1-2499-43CC-87A4-2C7494BA458C}.Release|Any CPU.Build.0 = Release|Any CPU
	EndGlobalSection
	GlobalSection(SolutionProperties) = preSolution
		HideSolutionNode = FALSE
	EndGlobalSection
	GlobalSection(ExtensibilityGlobals) = postSolution
		SolutionGuid = {B53289BD-BA83-44F2-AF64-B7AFFE11E534}
	EndGlobalSection
EndGlobal
